// !$*UTF8*$!
{
	archiveVersion = 1;
	classes = {
	};
	objectVersion = 46;
	objects = {

/* Begin PBXBuildFile section */
		792D8D5C1C310B7900A8EB5A /* AppDelegate.swift in Sources */ = {isa = PBXBuildFile; fileRef = 792D8D5B1C310B7900A8EB5A /* AppDelegate.swift */; };
		792D8D5E1C310B7900A8EB5A /* ViewController.swift in Sources */ = {isa = PBXBuildFile; fileRef = 792D8D5D1C310B7900A8EB5A /* ViewController.swift */; };
		792D8D611C310B7900A8EB5A /* Main.storyboard in Resources */ = {isa = PBXBuildFile; fileRef = 792D8D5F1C310B7900A8EB5A /* Main.storyboard */; };
		792D8D631C310B7900A8EB5A /* Assets.xcassets in Resources */ = {isa = PBXBuildFile; fileRef = 792D8D621C310B7900A8EB5A /* Assets.xcassets */; };
		792D8D661C310B7900A8EB5A /* LaunchScreen.storyboard in Resources */ = {isa = PBXBuildFile; fileRef = 792D8D641C310B7900A8EB5A /* LaunchScreen.storyboard */; };
		792D8D6E1C31106700A8EB5A /* MobileCoreServices.framework in Frameworks */ = {isa = PBXBuildFile; fileRef = 792D8D6D1C31106700A8EB5A /* MobileCoreServices.framework */; };
		792D8D701C313BEF00A8EB5A /* Utility.swift in Sources */ = {isa = PBXBuildFile; fileRef = 792D8D6F1C313BEF00A8EB5A /* Utility.swift */; };
		792D8D741C313E7900A8EB5A /* CommonVideoViewController.m in Sources */ = {isa = PBXBuildFile; fileRef = 792D8D731C313E7900A8EB5A /* CommonVideoViewController.m */; };
		792D8D761C3144EC00A8EB5A /* Photos.framework in Frameworks */ = {isa = PBXBuildFile; fileRef = 792D8D751C3144EC00A8EB5A /* Photos.framework */; };
		792D8D781C3144F300A8EB5A /* PhotosUI.framework in Frameworks */ = {isa = PBXBuildFile; fileRef = 792D8D771C3144F300A8EB5A /* PhotosUI.framework */; };
		794124F71C3407AA00028827 /* mask_blue.png in Resources */ = {isa = PBXBuildFile; fileRef = 794124F11C3407AA00028827 /* mask_blue.png */; };
		794124F81C3407AA00028827 /* mask_green.png in Resources */ = {isa = PBXBuildFile; fileRef = 794124F21C3407AA00028827 /* mask_green.png */; };
		794124F91C3407AA00028827 /* mask_red.png in Resources */ = {isa = PBXBuildFile; fileRef = 794124F31C3407AA00028827 /* mask_red.png */; };
		794124FA1C3407AA00028827 /* mask_yellow.png in Resources */ = {isa = PBXBuildFile; fileRef = 794124F41C3407AA00028827 /* mask_yellow.png */; };
		794124FB1C3407AA00028827 /* mask_pink.png in Resources */ = {isa = PBXBuildFile; fileRef = 794124F51C3407AA00028827 /* mask_pink.png */; };
		794124FC1C3407AA00028827 /* mask_purple.png in Resources */ = {isa = PBXBuildFile; fileRef = 794124F61C3407AA00028827 /* mask_purple.png */; };
/* End PBXBuildFile section */

/* Begin PBXFileReference section */
		792D8D581C310B7900A8EB5A /* DemoVideoApp1.app */ = {isa = PBXFileReference; explicitFileType = wrapper.application; includeInIndex = 0; path = DemoVideoApp1.app; sourceTree = BUILT_PRODUCTS_DIR; };
		792D8D5B1C310B7900A8EB5A /* AppDelegate.swift */ = {isa = PBXFileReference; lastKnownFileType = sourcecode.swift; path = AppDelegate.swift; sourceTree = "<group>"; };
		792D8D5D1C310B7900A8EB5A /* ViewController.swift */ = {isa = PBXFileReference; lastKnownFileType = sourcecode.swift; path = ViewController.swift; sourceTree = "<group>"; };
		792D8D601C310B7900A8EB5A /* Base */ = {isa = PBXFileReference; lastKnownFileType = file.storyboard; name = Base; path = Base.lproj/Main.storyboard; sourceTree = "<group>"; };
		792D8D621C310B7900A8EB5A /* Assets.xcassets */ = {isa = PBXFileReference; lastKnownFileType = folder.assetcatalog; path = Assets.xcassets; sourceTree = "<group>"; };
		792D8D651C310B7900A8EB5A /* Base */ = {isa = PBXFileReference; lastKnownFileType = file.storyboard; name = Base; path = Base.lproj/LaunchScreen.storyboard; sourceTree = "<group>"; };
		792D8D671C310B7900A8EB5A /* Info.plist */ = {isa = PBXFileReference; lastKnownFileType = text.plist.xml; path = Info.plist; sourceTree = "<group>"; };
		792D8D6D1C31106700A8EB5A /* MobileCoreServices.framework */ = {isa = PBXFileReference; lastKnownFileType = wrapper.framework; name = MobileCoreServices.framework; path = System/Library/Frameworks/MobileCoreServices.framework; sourceTree = SDKROOT; };
		792D8D6F1C313BEF00A8EB5A /* Utility.swift */ = {isa = PBXFileReference; fileEncoding = 4; lastKnownFileType = sourcecode.swift; path = Utility.swift; sourceTree = "<group>"; };
		792D8D711C313E7800A8EB5A /* DemoVideoApp1-Bridging-Header.h */ = {isa = PBXFileReference; lastKnownFileType = sourcecode.c.h; path = "DemoVideoApp1-Bridging-Header.h"; sourceTree = "<group>"; };
		792D8D721C313E7900A8EB5A /* CommonVideoViewController.h */ = {isa = PBXFileReference; fileEncoding = 4; lastKnownFileType = sourcecode.c.h; path = CommonVideoViewController.h; sourceTree = "<group>"; };
		792D8D731C313E7900A8EB5A /* CommonVideoViewController.m */ = {isa = PBXFileReference; fileEncoding = 4; lastKnownFileType = sourcecode.c.objc; path = CommonVideoViewController.m; sourceTree = "<group>"; };
		792D8D751C3144EC00A8EB5A /* Photos.framework */ = {isa = PBXFileReference; lastKnownFileType = wrapper.framework; name = Photos.framework; path = System/Library/Frameworks/Photos.framework; sourceTree = SDKROOT; };
		792D8D771C3144F300A8EB5A /* PhotosUI.framework */ = {isa = PBXFileReference; lastKnownFileType = wrapper.framework; name = PhotosUI.framework; path = System/Library/Frameworks/PhotosUI.framework; sourceTree = SDKROOT; };
		794124F11C3407AA00028827 /* mask_blue.png */ = {isa = PBXFileReference; lastKnownFileType = image.png; path = mask_blue.png; sourceTree = "<group>"; };
		794124F21C3407AA00028827 /* mask_green.png */ = {isa = PBXFileReference; lastKnownFileType = image.png; path = mask_green.png; sourceTree = "<group>"; };
		794124F31C3407AA00028827 /* mask_red.png */ = {isa = PBXFileReference; lastKnownFileType = image.png; path = mask_red.png; sourceTree = "<group>"; };
		794124F41C3407AA00028827 /* mask_yellow.png */ = {isa = PBXFileReference; lastKnownFileType = image.png; path = mask_yellow.png; sourceTree = "<group>"; };
		794124F51C3407AA00028827 /* mask_pink.png */ = {isa = PBXFileReference; lastKnownFileType = image.png; path = mask_pink.png; sourceTree = "<group>"; };
		794124F61C3407AA00028827 /* mask_purple.png */ = {isa = PBXFileReference; lastKnownFileType = image.png; path = mask_purple.png; sourceTree = "<group>"; };
/* End PBXFileReference section */

/* Begin PBXFrameworksBuildPhase section */
		792D8D551C310B7900A8EB5A /* Frameworks */ = {
			isa = PBXFrameworksBuildPhase;
			buildActionMask = 2147483647;
			files = (
				792D8D781C3144F300A8EB5A /* PhotosUI.framework in Frameworks */,
				792D8D761C3144EC00A8EB5A /* Photos.framework in Frameworks */,
				792D8D6E1C31106700A8EB5A /* MobileCoreServices.framework in Frameworks */,
			);
			runOnlyForDeploymentPostprocessing = 0;
		};
/* End PBXFrameworksBuildPhase section */

/* Begin PBXGroup section */
		792D8D4F1C310B7900A8EB5A = {
			isa = PBXGroup;
			children = (
				792D8D771C3144F300A8EB5A /* PhotosUI.framework */,
				792D8D751C3144EC00A8EB5A /* Photos.framework */,
				792D8D6D1C31106700A8EB5A /* MobileCoreServices.framework */,
				792D8D5A1C310B7900A8EB5A /* DemoVideoApp1 */,
				792D8D591C310B7900A8EB5A /* Products */,
			);
			sourceTree = "<group>";
		};
		792D8D591C310B7900A8EB5A /* Products */ = {
			isa = PBXGroup;
			children = (
				792D8D581C310B7900A8EB5A /* DemoVideoApp1.app */,
			);
			name = Products;
			sourceTree = "<group>";
		};
		792D8D5A1C310B7900A8EB5A /* DemoVideoApp1 */ = {
			isa = PBXGroup;
			children = (
				792D8D721C313E7900A8EB5A /* CommonVideoViewController.h */,
				792D8D731C313E7900A8EB5A /* CommonVideoViewController.m */,
				79F3DCBF1C3512290060BB82 /* Mask Images */,
				792D8D5B1C310B7900A8EB5A /* AppDelegate.swift */,
				792D8D5D1C310B7900A8EB5A /* ViewController.swift */,
				792D8D6F1C313BEF00A8EB5A /* Utility.swift */,
				792D8D5F1C310B7900A8EB5A /* Main.storyboard */,
				792D8D621C310B7900A8EB5A /* Assets.xcassets */,
				792D8D641C310B7900A8EB5A /* LaunchScreen.storyboard */,
				792D8D671C310B7900A8EB5A /* Info.plist */,
				792D8D711C313E7800A8EB5A /* DemoVideoApp1-Bridging-Header.h */,
			);
			path = DemoVideoApp1;
			sourceTree = "<group>";
		};
		79F3DCBF1C3512290060BB82 /* Mask Images */ = {
			isa = PBXGroup;
			children = (
				794124F11C3407AA00028827 /* mask_blue.png */,
				794124F21C3407AA00028827 /* mask_green.png */,
				794124F31C3407AA00028827 /* mask_red.png */,
				794124F41C3407AA00028827 /* mask_yellow.png */,
				794124F51C3407AA00028827 /* mask_pink.png */,
				794124F61C3407AA00028827 /* mask_purple.png */,
			);
			name = "Mask Images";
			sourceTree = "<group>";
		};
/* End PBXGroup section */

/* Begin PBXNativeTarget section */
		792D8D571C310B7900A8EB5A /* DemoVideoApp1 */ = {
			isa = PBXNativeTarget;
			buildConfigurationList = 792D8D6A1C310B7900A8EB5A /* Build configuration list for PBXNativeTarget "DemoVideoApp1" */;
			buildPhases = (
				792D8D541C310B7900A8EB5A /* Sources */,
				792D8D551C310B7900A8EB5A /* Frameworks */,
				792D8D561C310B7900A8EB5A /* Resources */,
			);
			buildRules = (
			);
			dependencies = (
			);
			name = DemoVideoApp1;
			productName = DemoVideoApp1;
			productReference = 792D8D581C310B7900A8EB5A /* DemoVideoApp1.app */;
			productType = "com.apple.product-type.application";
		};
/* End PBXNativeTarget section */

/* Begin PBXProject section */
		792D8D501C310B7900A8EB5A /* Project object */ = {
			isa = PBXProject;
			attributes = {
				LastSwiftUpdateCheck = 0720;
				LastUpgradeCheck = 0720;
				ORGANIZATIONNAME = "Innofied Solutions Pvt. Ltd.";
				TargetAttributes = {
					792D8D571C310B7900A8EB5A = {
						CreatedOnToolsVersion = 7.2;
					};
				};
			};
			buildConfigurationList = 792D8D531C310B7900A8EB5A /* Build configuration list for PBXProject "DemoVideoApp1" */;
			compatibilityVersion = "Xcode 3.2";
			developmentRegion = English;
			hasScannedForEncodings = 0;
			knownRegions = (
				en,
				Base,
			);
			mainGroup = 792D8D4F1C310B7900A8EB5A;
			productRefGroup = 792D8D591C310B7900A8EB5A /* Products */;
			projectDirPath = "";
			projectRoot = "";
			targets = (
				792D8D571C310B7900A8EB5A /* DemoVideoApp1 */,
			);
		};
/* End PBXProject section */

/* Begin PBXResourcesBuildPhase section */
		792D8D561C310B7900A8EB5A /* Resources */ = {
			isa = PBXResourcesBuildPhase;
			buildActionMask = 2147483647;
			files = (
				794124FC1C3407AA00028827 /* mask_purple.png in Resources */,
				794124FB1C3407AA00028827 /* mask_pink.png in Resources */,
				792D8D661C310B7900A8EB5A /* LaunchScreen.storyboard in Resources */,
				794124F71C3407AA00028827 /* mask_blue.png in Resources */,
				794124F81C3407AA00028827 /* mask_green.png in Resources */,
				792D8D631C310B7900A8EB5A /* Assets.xcassets in Resources */,
				792D8D611C310B7900A8EB5A /* Main.storyboard in Resources */,
				794124FA1C3407AA00028827 /* mask_yellow.png in Resources */,
				794124F91C3407AA00028827 /* mask_red.png in Resources */,
			);
			runOnlyForDeploymentPostprocessing = 0;
		};
/* End PBXResourcesBuildPhase section */

/* Begin PBXSourcesBuildPhase section */
		792D8D541C310B7900A8EB5A /* Sources */ = {
			isa = PBXSourcesBuildPhase;
			buildActionMask = 2147483647;
			files = (
				792D8D5E1C310B7900A8EB5A /* ViewController.swift in Sources */,
				792D8D741C313E7900A8EB5A /* CommonVideoViewController.m in Sources */,
				792D8D5C1C310B7900A8EB5A /* AppDelegate.swift in Sources */,
				792D8D701C313BEF00A8EB5A /* Utility.swift in Sources */,
			);
			runOnlyForDeploymentPostprocessing = 0;
		};
/* End PBXSourcesBuildPhase section */

/* Begin PBXVariantGroup section */
		792D8D5F1C310B7900A8EB5A /* Main.storyboard */ = {
			isa = PBXVariantGroup;
			children = (
				792D8D601C310B7900A8EB5A /* Base */,
			);
			name = Main.storyboard;
			sourceTree = "<group>";
		};
		792D8D641C310B7900A8EB5A /* LaunchScreen.storyboard */ = {
			isa = PBXVariantGroup;
			children = (
				792D8D651C310B7900A8EB5A /* Base */,
			);
			name = LaunchScreen.storyboard;
			sourceTree = "<group>";
		};
/* End PBXVariantGroup section */

/* Begin XCBuildConfiguration section */
		792D8D681C310B7900A8EB5A /* Debug */ = {
			isa = XCBuildConfiguration;
			buildSettings = {
				ALWAYS_SEARCH_USER_PATHS = NO;
				CLANG_CXX_LANGUAGE_STANDARD = "gnu++0x";
				CLANG_CXX_LIBRARY = "libc++";
				CLANG_ENABLE_MODULES = YES;
				CLANG_ENABLE_OBJC_ARC = YES;
				CLANG_WARN_BOOL_CONVERSION = YES;
				CLANG_WARN_CONSTANT_CONVERSION = YES;
				CLANG_WARN_DIRECT_OBJC_ISA_USAGE = YES_ERROR;
				CLANG_WARN_EMPTY_BODY = YES;
				CLANG_WARN_ENUM_CONVERSION = YES;
				CLANG_WARN_INT_CONVERSION = YES;
				CLANG_WARN_OBJC_ROOT_CLASS = YES_ERROR;
				CLANG_WARN_UNREACHABLE_CODE = YES;
				CLANG_WARN__DUPLICATE_METHOD_MATCH = YES;
				"CODE_SIGN_IDENTITY[sdk=iphoneos*]" = "iPhone Developer";
				COPY_PHASE_STRIP = NO;
				DEBUG_INFORMATION_FORMAT = dwarf;
				ENABLE_STRICT_OBJC_MSGSEND = YES;
				ENABLE_TESTABILITY = YES;
				GCC_C_LANGUAGE_STANDARD = gnu99;
				GCC_DYNAMIC_NO_PIC = NO;
				GCC_NO_COMMON_BLOCKS = YES;
				GCC_OPTIMIZATION_LEVEL = 0;
				GCC_PREPROCESSOR_DEFINITIONS = (
					"DEBUG=1",
					"$(inherited)",
				);
				GCC_WARN_64_TO_32_BIT_CONVERSION = YES;
				GCC_WARN_ABOUT_RETURN_TYPE = YES_ERROR;
				GCC_WARN_UNDECLARED_SELECTOR = YES;
				GCC_WARN_UNINITIALIZED_AUTOS = YES_AGGRESSIVE;
				GCC_WARN_UNUSED_FUNCTION = YES;
				GCC_WARN_UNUSED_VARIABLE = YES;
				IPHONEOS_DEPLOYMENT_TARGET = 9.2;
				MTL_ENABLE_DEBUG_INFO = YES;
				ONLY_ACTIVE_ARCH = YES;
				SDKROOT = iphoneos;
				SWIFT_OPTIMIZATION_LEVEL = "-Onone";
				TARGETED_DEVICE_FAMILY = "1,2";
			};
			name = Debug;
		};
		792D8D691C310B7900A8EB5A /* Release */ = {
			isa = XCBuildConfiguration;
			buildSettings = {
				ALWAYS_SEARCH_USER_PATHS = NO;
				CLANG_CXX_LANGUAGE_STANDARD = "gnu++0x";
				CLANG_CXX_LIBRARY = "libc++";
				CLANG_ENABLE_MODULES = YES;
				CLANG_ENABLE_OBJC_ARC = YES;
				CLANG_WARN_BOOL_CONVERSION = YES;
				CLANG_WARN_CONSTANT_CONVERSION = YES;
				CLANG_WARN_DIRECT_OBJC_ISA_USAGE = YES_ERROR;
				CLANG_WARN_EMPTY_BODY = YES;
				CLANG_WARN_ENUM_CONVERSION = YES;
				CLANG_WARN_INT_CONVERSION = YES;
				CLANG_WARN_OBJC_ROOT_CLASS = YES_ERROR;
				CLANG_WARN_UNREACHABLE_CODE = YES;
				CLANG_WARN__DUPLICATE_METHOD_MATCH = YES;
				"CODE_SIGN_IDENTITY[sdk=iphoneos*]" = "iPhone Developer";
				COPY_PHASE_STRIP = NO;
				DEBUG_INFORMATION_FORMAT = "dwarf-with-dsym";
				ENABLE_NS_ASSERTIONS = NO;
				ENABLE_STRICT_OBJC_MSGSEND = YES;
				GCC_C_LANGUAGE_STANDARD = gnu99;
				GCC_NO_COMMON_BLOCKS = YES;
				GCC_WARN_64_TO_32_BIT_CONVERSION = YES;
				GCC_WARN_ABOUT_RETURN_TYPE = YES_ERROR;
				GCC_WARN_UNDECLARED_SELECTOR = YES;
				GCC_WARN_UNINITIALIZED_AUTOS = YES_AGGRESSIVE;
				GCC_WARN_UNUSED_FUNCTION = YES;
				GCC_WARN_UNUSED_VARIABLE = YES;
				IPHONEOS_DEPLOYMENT_TARGET = 9.2;
				MTL_ENABLE_DEBUG_INFO = NO;
				SDKROOT = iphoneos;
				TARGETED_DEVICE_FAMILY = "1,2";
				VALIDATE_PRODUCT = YES;
			};
			name = Release;
		};
		792D8D6B1C310B7900A8EB5A /* Debug */ = {
			isa = XCBuildConfiguration;
			buildSettings = {
				ASSETCATALOG_COMPILER_APPICON_NAME = AppIcon;
				CLANG_ENABLE_MODULES = YES;
				INFOPLIST_FILE = DemoVideoApp1/Info.plist;
				IPHONEOS_DEPLOYMENT_TARGET = 9.1;
				LD_RUNPATH_SEARCH_PATHS = "$(inherited) @executable_path/Frameworks";
				PRODUCT_BUNDLE_IDENTIFIER = com.innofied.DemoVideoApp1;
				PRODUCT_NAME = "$(TARGET_NAME)";
				SWIFT_OBJC_BRIDGING_HEADER = "DemoVideoApp1/DemoVideoApp1-Bridging-Header.h";
				SWIFT_OPTIMIZATION_LEVEL = "-Onone";
			};
			name = Debug;
		};
		792D8D6C1C310B7900A8EB5A /* Release */ = {
			isa = XCBuildConfiguration;
			buildSettings = {
				ASSETCATALOG_COMPILER_APPICON_NAME = AppIcon;
				CLANG_ENABLE_MODULES = YES;
				INFOPLIST_FILE = DemoVideoApp1/Info.plist;
				IPHONEOS_DEPLOYMENT_TARGET = 9.1;
				LD_RUNPATH_SEARCH_PATHS = "$(inherited) @executable_path/Frameworks";
				PRODUCT_BUNDLE_IDENTIFIER = com.innofied.DemoVideoApp1;
				PRODUCT_NAME = "$(TARGET_NAME)";
				SWIFT_OBJC_BRIDGING_HEADER = "DemoVideoApp1/DemoVideoApp1-Bridging-Header.h";
			};
			name = Release;
		};
/* End XCBuildConfiguration section */

/* Begin XCConfigurationList section */
		792D8D531C310B7900A8EB5A /* Build configuration list for PBXProject "DemoVideoApp1" */ = {
			isa = XCConfigurationList;
			buildConfigurations = (
				792D8D681C310B7900A8EB5A /* Debug */,
				792D8D691C310B7900A8EB5A /* Release */,
			);
			defaultConfigurationIsVisible = 0;
			defaultConfigurationName = Release;
		};
		792D8D6A1C310B7900A8EB5A /* Build configuration list for PBXNativeTarget "DemoVideoApp1" */ = {
			isa = XCConfigurationList;
			buildConfigurations = (
				792D8D6B1C310B7900A8EB5A /* Debug */,
				792D8D6C1C310B7900A8EB5A /* Release */,
			);
			defaultConfigurationIsVisible = 0;
			defaultConfigurationName = Release;
		};
/* End XCConfigurationList section */
	};
	rootObject = 792D8D501C310B7900A8EB5A /* Project object */;
}
